
Microsoft Visual Studio Solution File, Format Version 12.00
# Visual Studio Version 17
VisualStudioVersion = 17.6.33815.320
MinimumVisualStudioVersion = 10.0.40219.1
Project("{8BC9CEB8-8B4A-11D0-8D11-00A0C91BC942}") = "cPrimer2t", "cPrimer2t.vcxproj", "{2075BAD4-5264-4C2A-92D3-0C53F2977841}"
EndProject
Global
	GlobalSection(SolutionConfigurationPlatforms) = preSolution
		Debug|x64 = Debug|x64
		Debug|x86 = Debug|x86
		Release|x64 = Release|x64
		Release|x86 = Release|x86
	EndGlobalSection
	GlobalSection(ProjectConfigurationPlatforms) = postSolution
		{2075BAD4-5264-4C2A-92D3-0C53F2977841}.Debug|x64.ActiveCfg = Debug|x64
		{2075BAD4-5264-4C2A-92D3-0C53F2977841}.Debug|x64.Build.0 = Debug|x64
		{2075BAD4-5264-4C2A-92D3-0C53F2977841}.Debug|x86.ActiveCfg = Debug|Win32
		{2075BAD4-5264-4C2A-92D3-0C53F2977841}.Debug|x86.Build.0 = Debug|Win32
		{2075BAD4-5264-4C2A-92D3-0C53F2977841}.Release|x64.ActiveCfg = Release|x64
		{2075BAD4-5264-4C2A-92D3-0C53F2977841}.Release|x64.Build.0 = Release|x64
		{2075BAD4-5264-4C2A-92D3-0C53F2977841}.Release|x86.ActiveCfg = Release|Win32
		{2075BAD4-5264-4C2A-92D3-0C53F2977841}.Release|x86.Build.0 = Release|Win32
	EndGlobalSection
	GlobalSection(SolutionProperties) = preSolution
		HideSolutionNode = FALSE
	EndGlobalSection
	GlobalSection(ExtensibilityGlobals) = postSolution
		SolutionGuid = {B2170885-A4D7-4CD7-AC06-7F60666C613A}
	EndGlobalSection
EndGlobal
